
Microsoft Visual Studio Solution File, Format Version 12.00
# Visual Studio Version 17
VisualStudioVersion = 17.0.31912.275
MinimumVisualStudioVersion = 10.0.40219.1
Project("{FAE04EC0-301F-11D3-BF4B-00C04F79EFBC}") = "P6_2_1204039", "P6_2_1204039\P6_2_1204039.csproj", "{75EF29E7-046D-41CF-8F94-00389F0CDD26}"
EndProject
Global
	GlobalSection(SolutionConfigurationPlatforms) = preSolution
		Debug|Any CPU = Debug|Any CPU
		Release|Any CPU = Release|Any CPU
	EndGlobalSection
	GlobalSection(ProjectConfigurationPlatforms) = postSolution
		{75EF29E7-046D-41CF-8F94-00389F0CDD26}.Debug|Any CPU.ActiveCfg = Debug|Any CPU
		{75EF29E7-046D-41CF-8F94-00389F0CDD26}.Debug|Any CPU.Build.0 = Debug|Any CPU
		{75EF29E7-046D-41CF-8F94-00389F0CDD26}.Release|Any CPU.ActiveCfg = Release|Any CPU
		{75EF29E7-046D-41CF-8F94-00389F0CDD26}.Release|Any CPU.Build.0 = Release|Any CPU
	EndGlobalSection
	GlobalSection(SolutionProperties) = preSolution
		HideSolutionNode = FALSE
	EndGlobalSection
	GlobalSection(ExtensibilityGlobals) = postSolution
		SolutionGuid = {F60599B2-B22B-45DC-90A1-FC31F12DC516}
	EndGlobalSection
EndGlobal
